
Microsoft Visual Studio Solution File, Format Version 12.00
# Visual Studio Version 16
VisualStudioVersion = 16.0.34031.81
MinimumVisualStudioVersion = 10.0.40219.1
Project("{2150E333-8FDC-42A3-9474-1A3956D46DE8}") = "Task0", "Task0", "{24C1BA23-FD89-4B20-B15F-9C3BC0BF8936}"
EndProject
Project("{2150E333-8FDC-42A3-9474-1A3956D46DE8}") = "Task1", "Task1", "{B2FBE5AB-B9A2-4BAC-A32C-D0B38B64EED5}"
EndProject
Project("{2150E333-8FDC-42A3-9474-1A3956D46DE8}") = "Task2", "Task2", "{615AD323-9DE4-4A91-833A-2B43D87ADE77}"
EndProject
Project("{2150E333-8FDC-42A3-9474-1A3956D46DE8}") = "Task3", "Task3", "{E44BE5B5-8982-43C6-9044-51493121FC9B}"
EndProject
Project("{FAE04EC0-301F-11D3-BF4B-00C04F79EFBC}") = "Tyuiu.ShunanovKE.Sprint2.Task0.V13", "Tyuiu.ShunanovKE.Sprint2.Task0.V13\Tyuiu.ShunanovKE.Sprint2.Task0.V13.csproj", "{E2498848-B397-4521-9571-9C2B65045127}"
EndProject
Project("{FAE04EC0-301F-11D3-BF4B-00C04F79EFBC}") = "Tyuiu.ShunanovKE.Sprint2.Task0.V13.Lib", "Tyuiu.ShunanovKE.Sprint2.Task0.V13.Lib\Tyuiu.ShunanovKE.Sprint2.Task0.V13.Lib.csproj", "{AEBEBD3D-1C52-4474-86A4-B99E90ED5B76}"
EndProject
Project("{FAE04EC0-301F-11D3-BF4B-00C04F79EFBC}") = "Tyuiu.ShunanovKE.Sprint2.Task0.V13.Test", "Tyuiu.ShunanovKE.Sprint2.Task0.V13.Test\Tyuiu.ShunanovKE.Sprint2.Task0.V13.Test.csproj", "{CD217437-36F9-4597-9EB4-7518477554CB}"
EndProject
Project("{FAE04EC0-301F-11D3-BF4B-00C04F79EFBC}") = "Tyuiu.ShunanovKE.Sprint2.Task1.V1", "Tyuiu.ShunanovKE.Sprint2.Task1.V1\Tyuiu.ShunanovKE.Sprint2.Task1.V1.csproj", "{FF514E89-3A58-448A-A3C3-7E4BFF03E0D7}"
EndProject
Project("{FAE04EC0-301F-11D3-BF4B-00C04F79EFBC}") = "Tyuiu.ShunanovKE.Sprint2.Task1.V1.Lib", "Tyuiu.ShunanovKE.Sprint2.Task1.V1.Lib\Tyuiu.ShunanovKE.Sprint2.Task1.V1.Lib.csproj", "{38A6B0CC-8E9B-4773-A0F0-ECF60AF77C41}"
EndProject
Project("{FAE04EC0-301F-11D3-BF4B-00C04F79EFBC}") = "Tyuiu.ShunanovKE.Sprint2.Task1.V1.Test", "Tyuiu.ShunanovKE.Sprint2.Task1.V1.Test\Tyuiu.ShunanovKE.Sprint2.Task1.V1.Test.csproj", "{C95AA3CA-D2AC-4EF8-9942-6DA2078A2507}"
EndProject
Project("{FAE04EC0-301F-11D3-BF4B-00C04F79EFBC}") = "Tyuiu.ShunanovKE.Sprint2.Task2.V27", "Tyuiu.ShunanovKE.Sprint2.Task2.V27\Tyuiu.ShunanovKE.Sprint2.Task2.V27.csproj", "{A630AC36-DF0C-4B20-9BD7-6E5D8F803665}"
EndProject
Project("{FAE04EC0-301F-11D3-BF4B-00C04F79EFBC}") = "Tyuiu.ShunanovKE.Sprint2.Task2.V27.Lib", "Tyuiu.ShunanovKE.Sprint2.Task2.V27.Lib\Tyuiu.ShunanovKE.Sprint2.Task2.V27.Lib.csproj", "{4E1E6189-BBE9-4FD8-954D-DC88260B832F}"
EndProject
Project("{FAE04EC0-301F-11D3-BF4B-00C04F79EFBC}") = "Tyuiu.ShunanovKE.Sprint2.Task2.V27.Test", "Tyuiu.ShunanovKE.Sprint2.Task2.V27.Test\Tyuiu.ShunanovKE.Sprint2.Task2.V27.Test.csproj", "{285E834D-8CF3-4009-8D35-1831FFEF1273}"
EndProject
Project("{FAE04EC0-301F-11D3-BF4B-00C04F79EFBC}") = "Tyuiu.ShunanovKE.Sprint2.Task3.V3", "Tyuiu.ShunanovKE.Sprint2.Task3.V3\Tyuiu.ShunanovKE.Sprint2.Task3.V3.csproj", "{5AA09B03-34C9-4F79-976C-A6C62B664DD4}"
EndProject
Project("{FAE04EC0-301F-11D3-BF4B-00C04F79EFBC}") = "Tyuiu.ShunanovKE.Sprint2.Task3.V3.Lib", "Tyuiu.ShunanovKE.Sprint2.Task3.V3.Lib\Tyuiu.ShunanovKE.Sprint2.Task3.V3.Lib.csproj", "{C141BBB0-FCBE-456B-B65A-B823A9993146}"
EndProject
Project("{FAE04EC0-301F-11D3-BF4B-00C04F79EFBC}") = "Tyuiu.ShunanovKE.Sprint2.Task3.V3.Test", "Tyuiu.ShunanovKE.Sprint2.Task3.V3.Test\Tyuiu.ShunanovKE.Sprint2.Task3.V3.Test.csproj", "{16743320-9D89-4B06-9B78-694C70D2290D}"
EndProject
Project("{2150E333-8FDC-42A3-9474-1A3956D46DE8}") = "Task4", "Task4", "{2E8E2F40-2F61-4E3C-8F75-6BC1858AAAB8}"
EndProject
Project("{2150E333-8FDC-42A3-9474-1A3956D46DE8}") = "Task5", "Task5", "{33422EF4-6469-478F-B0DD-6C914EDD9991}"
EndProject
Project("{2150E333-8FDC-42A3-9474-1A3956D46DE8}") = "Task6", "Task6", "{66409A56-DF9F-4338-A872-E50F33415349}"
EndProject
Project("{2150E333-8FDC-42A3-9474-1A3956D46DE8}") = "Task7", "Task7", "{570EC91D-49A9-43EC-8B5F-7CA9468AFF91}"
EndProject
Project("{FAE04EC0-301F-11D3-BF4B-00C04F79EFBC}") = "Tyuiu.ShunanovKE.Sprint2.Task4.V24", "Tyuiu.ShunanovKE.Sprint2.Task4.V24\Tyuiu.ShunanovKE.Sprint2.Task4.V24.csproj", "{0FC3D8D1-6300-449D-B58C-586F67E61D13}"
EndProject
Project("{FAE04EC0-301F-11D3-BF4B-00C04F79EFBC}") = "Tyuiu.ShunanovKE.Sprint2.Task4.V24.Lib", "Tyuiu.ShunanovKE.Sprint2.Task4.V24.Lib\Tyuiu.ShunanovKE.Sprint2.Task4.V24.Lib.csproj", "{788B7B73-8A2B-491B-BBDC-87DE8BC87D59}"
EndProject
Project("{FAE04EC0-301F-11D3-BF4B-00C04F79EFBC}") = "Tyuiu.ShunanovKE.Sprint2.Task4.V24.Test", "Tyuiu.ShunanovKE.Sprint2.Task4.V24.Test\Tyuiu.ShunanovKE.Sprint2.Task4.V24.Test.csproj", "{30CA187D-08DC-4FC7-8947-035BE33D4681}"
EndProject
Project("{FAE04EC0-301F-11D3-BF4B-00C04F79EFBC}") = "Tyuiu.ShunanovKE.Sprint2.Task5.V12", "Tyuiu.ShunanovKE.Sprint2.Task5.V12\Tyuiu.ShunanovKE.Sprint2.Task5.V12.csproj", "{54B793C9-90E5-4D4E-A0B9-391567C41431}"
EndProject
Project("{FAE04EC0-301F-11D3-BF4B-00C04F79EFBC}") = "Tyuiu.ShunanovKE.Sprint2.Task5.V12.Lib", "Tyuiu.ShunanovKE.Sprint2.Task5.V12.Lib\Tyuiu.ShunanovKE.Sprint2.Task5.V12.Lib.csproj", "{D6E77C60-F25A-458D-BBEC-2813BF701B7C}"
EndProject
Project("{FAE04EC0-301F-11D3-BF4B-00C04F79EFBC}") = "Tyuiu.ShunanovKE.Sprint2.Task5.V12.Test", "Tyuiu.ShunanovKE.Sprint2.Task5.V12.Test\Tyuiu.ShunanovKE.Sprint2.Task5.V12.Test.csproj", "{B4208723-6F09-47D4-8D60-FA307B7325AE}"
EndProject
Global
	GlobalSection(SolutionConfigurationPlatforms) = preSolution
		Debug|Any CPU = Debug|Any CPU
		Release|Any CPU = Release|Any CPU
	EndGlobalSection
	GlobalSection(ProjectConfigurationPlatforms) = postSolution
		{E2498848-B397-4521-9571-9C2B65045127}.Debug|Any CPU.ActiveCfg = Debug|Any CPU
		{E2498848-B397-4521-9571-9C2B65045127}.Debug|Any CPU.Build.0 = Debug|Any CPU
		{E2498848-B397-4521-9571-9C2B65045127}.Release|Any CPU.ActiveCfg = Release|Any CPU
		{E2498848-B397-4521-9571-9C2B65045127}.Release|Any CPU.Build.0 = Release|Any CPU
		{AEBEBD3D-1C52-4474-86A4-B99E90ED5B76}.Debug|Any CPU.ActiveCfg = Debug|Any CPU
		{AEBEBD3D-1C52-4474-86A4-B99E90ED5B76}.Debug|Any CPU.Build.0 = Debug|Any CPU
		{AEBEBD3D-1C52-4474-86A4-B99E90ED5B76}.Release|Any CPU.ActiveCfg = Release|Any CPU
		{AEBEBD3D-1C52-4474-86A4-B99E90ED5B76}.Release|Any CPU.Build.0 = Release|Any CPU
		{CD217437-36F9-4597-9EB4-7518477554CB}.Debug|Any CPU.ActiveCfg = Debug|Any CPU
		{CD217437-36F9-4597-9EB4-7518477554CB}.Debug|Any CPU.Build.0 = Debug|Any CPU
		{CD217437-36F9-4597-9EB4-7518477554CB}.Release|Any CPU.ActiveCfg = Release|Any CPU
		{CD217437-36F9-4597-9EB4-7518477554CB}.Release|Any CPU.Build.0 = Release|Any CPU
		{FF514E89-3A58-448A-A3C3-7E4BFF03E0D7}.Debug|Any CPU.ActiveCfg = Debug|Any CPU
		{FF514E89-3A58-448A-A3C3-7E4BFF03E0D7}.Debug|Any CPU.Build.0 = Debug|Any CPU
		{FF514E89-3A58-448A-A3C3-7E4BFF03E0D7}.Release|Any CPU.ActiveCfg = Release|Any CPU
		{FF514E89-3A58-448A-A3C3-7E4BFF03E0D7}.Release|Any CPU.Build.0 = Release|Any CPU
		{38A6B0CC-8E9B-4773-A0F0-ECF60AF77C41}.Debug|Any CPU.ActiveCfg = Debug|Any CPU
		{38A6B0CC-8E9B-4773-A0F0-ECF60AF77C41}.Debug|Any CPU.Build.0 = Debug|Any CPU
		{38A6B0CC-8E9B-4773-A0F0-ECF60AF77C41}.Release|Any CPU.ActiveCfg = Release|Any CPU
		{38A6B0CC-8E9B-4773-A0F0-ECF60AF77C41}.Release|Any CPU.Build.0 = Release|Any CPU
		{C95AA3CA-D2AC-4EF8-9942-6DA2078A2507}.Debug|Any CPU.ActiveCfg = Debug|Any CPU
		{C95AA3CA-D2AC-4EF8-9942-6DA2078A2507}.Debug|Any CPU.Build.0 = Debug|Any CPU
		{C95AA3CA-D2AC-4EF8-9942-6DA2078A2507}.Release|Any CPU.ActiveCfg = Release|Any CPU
		{C95AA3CA-D2AC-4EF8-9942-6DA2078A2507}.Release|Any CPU.Build.0 = Release|Any CPU
		{A630AC36-DF0C-4B20-9BD7-6E5D8F803665}.Debug|Any CPU.ActiveCfg = Debug|Any CPU
		{A630AC36-DF0C-4B20-9BD7-6E5D8F803665}.Debug|Any CPU.Build.0 = Debug|Any CPU
		{A630AC36-DF0C-4B20-9BD7-6E5D8F803665}.Release|Any CPU.ActiveCfg = Release|Any CPU
		{A630AC36-DF0C-4B20-9BD7-6E5D8F803665}.Release|Any CPU.Build.0 = Release|Any CPU
		{4E1E6189-BBE9-4FD8-954D-DC88260B832F}.Debug|Any CPU.ActiveCfg = Debug|Any CPU
		{4E1E6189-BBE9-4FD8-954D-DC88260B832F}.Debug|Any CPU.Build.0 = Debug|Any CPU
		{4E1E6189-BBE9-4FD8-954D-DC88260B832F}.Release|Any CPU.ActiveCfg = Release|Any CPU
		{4E1E6189-BBE9-4FD8-954D-DC88260B832F}.Release|Any CPU.Build.0 = Release|Any CPU
		{285E834D-8CF3-4009-8D35-1831FFEF1273}.Debug|Any CPU.ActiveCfg = Debug|Any CPU
		{285E834D-8CF3-4009-8D35-1831FFEF1273}.Debug|Any CPU.Build.0 = Debug|Any CPU
		{285E834D-8CF3-4009-8D35-1831FFEF1273}.Release|Any CPU.ActiveCfg = Release|Any CPU
		{285E834D-8CF3-4009-8D35-1831FFEF1273}.Release|Any CPU.Build.0 = Release|Any CPU
		{5AA09B03-34C9-4F79-976C-A6C62B664DD4}.Debug|Any CPU.ActiveCfg = Debug|Any CPU
		{5AA09B03-34C9-4F79-976C-A6C62B664DD4}.Debug|Any CPU.Build.0 = Debug|Any CPU
		{5AA09B03-34C9-4F79-976C-A6C62B664DD4}.Release|Any CPU.ActiveCfg = Release|Any CPU
		{5AA09B03-34C9-4F79-976C-A6C62B664DD4}.Release|Any CPU.Build.0 = Release|Any CPU
		{C141BBB0-FCBE-456B-B65A-B823A9993146}.Debug|Any CPU.ActiveCfg = Debug|Any CPU
		{C141BBB0-FCBE-456B-B65A-B823A9993146}.Debug|Any CPU.Build.0 = Debug|Any CPU
		{C141BBB0-FCBE-456B-B65A-B823A9993146}.Release|Any CPU.ActiveCfg = Release|Any CPU
		{C141BBB0-FCBE-456B-B65A-B823A9993146}.Release|Any CPU.Build.0 = Release|Any CPU
		{16743320-9D89-4B06-9B78-694C70D2290D}.Debug|Any CPU.ActiveCfg = Debug|Any CPU
		{16743320-9D89-4B06-9B78-694C70D2290D}.Debug|Any CPU.Build.0 = Debug|Any CPU
		{16743320-9D89-4B06-9B78-694C70D2290D}.Release|Any CPU.ActiveCfg = Release|Any CPU
		{16743320-9D89-4B06-9B78-694C70D2290D}.Release|Any CPU.Build.0 = Release|Any CPU
		{0FC3D8D1-6300-449D-B58C-586F67E61D13}.Debug|Any CPU.ActiveCfg = Debug|Any CPU
		{0FC3D8D1-6300-449D-B58C-586F67E61D13}.Debug|Any CPU.Build.0 = Debug|Any CPU
		{0FC3D8D1-6300-449D-B58C-586F67E61D13}.Release|Any CPU.ActiveCfg = Release|Any CPU
		{0FC3D8D1-6300-449D-B58C-586F67E61D13}.Release|Any CPU.Build.0 = Release|Any CPU
		{788B7B73-8A2B-491B-BBDC-87DE8BC87D59}.Debug|Any CPU.ActiveCfg = Debug|Any CPU
		{788B7B73-8A2B-491B-BBDC-87DE8BC87D59}.Debug|Any CPU.Build.0 = Debug|Any CPU
		{788B7B73-8A2B-491B-BBDC-87DE8BC87D59}.Release|Any CPU.ActiveCfg = Release|Any CPU
		{788B7B73-8A2B-491B-BBDC-87DE8BC87D59}.Release|Any CPU.Build.0 = Release|Any CPU
		{30CA187D-08DC-4FC7-8947-035BE33D4681}.Debug|Any CPU.ActiveCfg = Debug|Any CPU
		{30CA187D-08DC-4FC7-8947-035BE33D4681}.Debug|Any CPU.Build.0 = Debug|Any CPU
		{30CA187D-08DC-4FC7-8947-035BE33D4681}.Release|Any CPU.ActiveCfg = Release|Any CPU
		{30CA187D-08DC-4FC7-8947-035BE33D4681}.Release|Any CPU.Build.0 = Release|Any CPU
		{54B793C9-90E5-4D4E-A0B9-391567C41431}.Debug|Any CPU.ActiveCfg = Debug|Any CPU
		{54B793C9-90E5-4D4E-A0B9-391567C41431}.Debug|Any CPU.Build.0 = Debug|Any CPU
		{54B793C9-90E5-4D4E-A0B9-391567C41431}.Release|Any CPU.ActiveCfg = Release|Any CPU
		{54B793C9-90E5-4D4E-A0B9-391567C41431}.Release|Any CPU.Build.0 = Release|Any CPU
		{D6E77C60-F25A-458D-BBEC-2813BF701B7C}.Debug|Any CPU.ActiveCfg = Debug|Any CPU
		{D6E77C60-F25A-458D-BBEC-2813BF701B7C}.Debug|Any CPU.Build.0 = Debug|Any CPU
		{D6E77C60-F25A-458D-BBEC-2813BF701B7C}.Release|Any CPU.ActiveCfg = Release|Any CPU
		{D6E77C60-F25A-458D-BBEC-2813BF701B7C}.Release|Any CPU.Build.0 = Release|Any CPU
		{B4208723-6F09-47D4-8D60-FA307B7325AE}.Debug|Any CPU.ActiveCfg = Debug|Any CPU
		{B4208723-6F09-47D4-8D60-FA307B7325AE}.Debug|Any CPU.Build.0 = Debug|Any CPU
		{B4208723-6F09-47D4-8D60-FA307B7325AE}.Release|Any CPU.ActiveCfg = Release|Any CPU
		{B4208723-6F09-47D4-8D60-FA307B7325AE}.Release|Any CPU.Build.0 = Release|Any CPU
	EndGlobalSection
	GlobalSection(SolutionProperties) = preSolution
		HideSolutionNode = FALSE
	EndGlobalSection
	GlobalSection(NestedProjects) = preSolution
		{E2498848-B397-4521-9571-9C2B65045127} = {24C1BA23-FD89-4B20-B15F-9C3BC0BF8936}
		{AEBEBD3D-1C52-4474-86A4-B99E90ED5B76} = {24C1BA23-FD89-4B20-B15F-9C3BC0BF8936}
		{CD217437-36F9-4597-9EB4-7518477554CB} = {24C1BA23-FD89-4B20-B15F-9C3BC0BF8936}
		{FF514E89-3A58-448A-A3C3-7E4BFF03E0D7} = {B2FBE5AB-B9A2-4BAC-A32C-D0B38B64EED5}
		{38A6B0CC-8E9B-4773-A0F0-ECF60AF77C41} = {B2FBE5AB-B9A2-4BAC-A32C-D0B38B64EED5}
		{C95AA3CA-D2AC-4EF8-9942-6DA2078A2507} = {B2FBE5AB-B9A2-4BAC-A32C-D0B38B64EED5}
		{A630AC36-DF0C-4B20-9BD7-6E5D8F803665} = {615AD323-9DE4-4A91-833A-2B43D87ADE77}
		{4E1E6189-BBE9-4FD8-954D-DC88260B832F} = {615AD323-9DE4-4A91-833A-2B43D87ADE77}
		{285E834D-8CF3-4009-8D35-1831FFEF1273} = {615AD323-9DE4-4A91-833A-2B43D87ADE77}
		{5AA09B03-34C9-4F79-976C-A6C62B664DD4} = {E44BE5B5-8982-43C6-9044-51493121FC9B}
		{C141BBB0-FCBE-456B-B65A-B823A9993146} = {E44BE5B5-8982-43C6-9044-51493121FC9B}
		{16743320-9D89-4B06-9B78-694C70D2290D} = {E44BE5B5-8982-43C6-9044-51493121FC9B}
		{0FC3D8D1-6300-449D-B58C-586F67E61D13} = {2E8E2F40-2F61-4E3C-8F75-6BC1858AAAB8}
		{788B7B73-8A2B-491B-BBDC-87DE8BC87D59} = {2E8E2F40-2F61-4E3C-8F75-6BC1858AAAB8}
		{30CA187D-08DC-4FC7-8947-035BE33D4681} = {2E8E2F40-2F61-4E3C-8F75-6BC1858AAAB8}
		{54B793C9-90E5-4D4E-A0B9-391567C41431} = {33422EF4-6469-478F-B0DD-6C914EDD9991}
		{D6E77C60-F25A-458D-BBEC-2813BF701B7C} = {33422EF4-6469-478F-B0DD-6C914EDD9991}
		{B4208723-6F09-47D4-8D60-FA307B7325AE} = {33422EF4-6469-478F-B0DD-6C914EDD9991}
	EndGlobalSection
	GlobalSection(ExtensibilityGlobals) = postSolution
		SolutionGuid = {8C6771DB-411D-425E-A371-AC1F6507468B}
	EndGlobalSection
EndGlobal
